# @generated - this file is auto-generated by `mise lock` https://mise.en.dev/dev-tools/mise-lock.html

lockfile_version = 2

[[tools.cargo-binstall]]
version = "1.17.9"
backend = "aqua:cargo-bins/cargo-binstall"
specifiers = ["1.17.9"]

[tools.cargo-binstall.options]
"vars.bin" = "cargo-binstall"

[tools.cargo-binstall."platforms.linux-arm64"]
checksum = "sha256:a096f09c5e83b40e4a630da47a6ba333f6749fc3023c044a6e08da648c70d218"
url = "https://github.com/cargo-bins/cargo-binstall/releases/download/v1.17.9/cargo-binstall-aarch64-unknown-linux-gnu.tgz"
url_api = "https://api.github.com/repos/cargo-bins/cargo-binstall/releases/assets/383893779"

[tools.cargo-binstall."platforms.linux-arm64-musl"]
checksum = "sha256:89df253cc00a307209daee7648272bba4d8a342fce084d5922f6b3f4e4db0e25"
url = "https://github.com/cargo-bins/cargo-binstall/releases/download/v1.17.9/cargo-binstall-aarch64-unknown-linux-musl.tgz"
url_api = "https://api.github.com/repos/cargo-bins/cargo-binstall/releases/assets/383893760"

[tools.cargo-binstall."platforms.linux-x64"]
checksum = "sha256:8e34e7beb3ba3bdcd13df5988f552e959a0ea865dcceca31edcab171d9db6a0d"
url = "https://github.com/cargo-bins/cargo-binstall/releases/download/v1.17.9/cargo-binstall-x86_64-unknown-linux-gnu.tgz"
url_api = "https://api.github.com/repos/cargo-bins/cargo-binstall/releases/assets/383893687"

[tools.cargo-binstall."platforms.linux-x64-musl"]
checksum = "sha256:bdea3fd820b118576316bf69c8240f454857287717809e6ecef010faace901ff"
url = "https://github.com/cargo-bins/cargo-binstall/releases/download/v1.17.9/cargo-binstall-x86_64-unknown-linux-musl.tgz"
url_api = "https://api.github.com/repos/cargo-bins/cargo-binstall/releases/assets/383893672"

[tools.cargo-binstall."platforms.macos-arm64"]
checksum = "sha256:021d537caa2071bbcd8ec50b210ea45af68a6983cca7780918b3603ef68d2585"
url = "https://github.com/cargo-bins/cargo-binstall/releases/download/v1.17.9/cargo-binstall-aarch64-apple-darwin.zip"
url_api = "https://api.github.com/repos/cargo-bins/cargo-binstall/releases/assets/383893799"

[tools.cargo-binstall."platforms.macos-x64"]
checksum = "sha256:1d4fbd74c15274a029dd92e19a0ead8e1831b6e6b60f0f5c3690ef517022c41c"
url = "https://github.com/cargo-bins/cargo-binstall/releases/download/v1.17.9/cargo-binstall-x86_64-apple-darwin.zip"
url_api = "https://api.github.com/repos/cargo-bins/cargo-binstall/releases/assets/383893710"

[tools.cargo-binstall."platforms.windows-x64"]
checksum = "sha256:d17b413a19592af2cf57f9f742d49bef8837099e1407d73e79de5bc7834c4fd6"
url = "https://github.com/cargo-bins/cargo-binstall/releases/download/v1.17.9/cargo-binstall-x86_64-pc-windows-msvc.zip"
url_api = "https://api.github.com/repos/cargo-bins/cargo-binstall/releases/assets/383893700"

[[tools.cargo-msrv]]
version = "0.19.3"
backend = "aqua:foresterre/cargo-msrv"
specifiers = ["latest"]

[tools.cargo-msrv."platforms.linux-x64"]
checksum = "sha256:6f9a0011ca8ad959d304185b9090390fd1ad87e2d764007fbb0abe043afa9ff5"
url = "https://github.com/foresterre/cargo-msrv/releases/download/v0.19.3/cargo-msrv-x86_64-unknown-linux-gnu-v0.19.3.tgz"
url_api = "https://api.github.com/repos/foresterre/cargo-msrv/releases/assets/380850047"

[tools.cargo-msrv."platforms.linux-x64-musl"]
checksum = "sha256:441ddbf85c589062029ac33fcfcfc33ddd4e87f04984d91b16ea4ae02e4d779d"
url = "https://github.com/foresterre/cargo-msrv/releases/download/v0.19.3/cargo-msrv-x86_64-unknown-linux-musl-v0.19.3.tgz"
url_api = "https://api.github.com/repos/foresterre/cargo-msrv/releases/assets/380849992"

[tools.cargo-msrv."platforms.macos-arm64"]
checksum = "sha256:bf42f653b5a7c426972f728b38a3756529a105b6598c2fdc89bc25ac056726f1"
url = "https://github.com/foresterre/cargo-msrv/releases/download/v0.19.3/cargo-msrv-aarch64-apple-darwin-v0.19.3.tgz"
url_api = "https://api.github.com/repos/foresterre/cargo-msrv/releases/assets/380850630"

[tools.cargo-msrv."platforms.macos-x64"]
checksum = "sha256:2427399177872d74b822b46a2f52817bfab5fb1ff6d8e5e6faaafc82a66f2351"
url = "https://github.com/foresterre/cargo-msrv/releases/download/v0.19.3/cargo-msrv-x86_64-apple-darwin-v0.19.3.tgz"
url_api = "https://api.github.com/repos/foresterre/cargo-msrv/releases/assets/380858063"

[tools.cargo-msrv."platforms.windows-x64"]
checksum = "sha256:e437443331865218763d44089680f4d36547353e8c3c8b394c24859203e6cd05"
url = "https://github.com/foresterre/cargo-msrv/releases/download/v0.19.3/cargo-msrv-x86_64-pc-windows-msvc-v0.19.3.zip"
url_api = "https://api.github.com/repos/foresterre/cargo-msrv/releases/assets/380851496"

[[tools."cargo:cargo-machete"]]
version = "0.9.1"
backend = "cargo:cargo-machete"
specifiers = ["0.9.1"]

[tools."cargo:cargo-machete".options]
bin = "cargo-machete"

[[tools."cargo:cargo-msrv"]]
version = "0.19.3"
backend = "cargo:cargo-msrv"
specifiers = ["0.19.3"]

[tools."cargo:cargo-msrv".options]
bin = "cargo-msrv"

[[tools."cargo:cargo-semver-checks"]]
version = "0.49.0"
backend = "cargo:cargo-semver-checks"
specifiers = ["0.49.0"]

[tools."cargo:cargo-semver-checks".options]
bin = "cargo-semver-checks"

[[tools.communique]]
version = "1.4.2"
backend = "packslip:github.com/jdx/communique"
specifiers = ["latest"]

[tools.communique."platforms.linux-arm64"]
checksum = "sha256:30199c0eeb0ff3214af9f25444eefbfa4b0e63ca5a6a76b84fee15ae36cd190e"
url = "https://github.com/jdx/communique/releases/download/v1.4.2/communique-aarch64-unknown-linux-gnu.tar.gz"
signer = "sigstore-oidc:https://github.com/jdx/communique/.github/workflows/release.yml"

[tools.communique."platforms.linux-arm64-musl"]
checksum = "sha256:ae0dfd79940e13b5b49a7bb00c34799c44a54062651e27e8ea39a23c2049fdac"
url = "https://github.com/jdx/communique/releases/download/v1.4.2/communique-aarch64-unknown-linux-musl.tar.gz"
signer = "sigstore-oidc:https://github.com/jdx/communique/.github/workflows/release.yml"

[tools.communique."platforms.linux-x64"]
checksum = "sha256:522e205e23c0ea7bb6752cf9eb22d8a16cf973ae3d7b807a91d826195d3edcdc"
url = "https://github.com/jdx/communique/releases/download/v1.4.2/communique-x86_64-unknown-linux-gnu.tar.gz"
signer = "sigstore-oidc:https://github.com/jdx/communique/.github/workflows/release.yml"

[tools.communique."platforms.linux-x64-musl"]
checksum = "sha256:d1f8c3abfe5041de1325d8f74d67c03473f05bb7343bb49ec534a108e4035dcc"
url = "https://github.com/jdx/communique/releases/download/v1.4.2/communique-x86_64-unknown-linux-musl.tar.gz"
signer = "sigstore-oidc:https://github.com/jdx/communique/.github/workflows/release.yml"

[tools.communique."platforms.macos-arm64"]
checksum = "sha256:e1327dc94074bddb5f1d66d2057ed0754766ac0a54656aa74260b6f24b594bf4"
url = "https://github.com/jdx/communique/releases/download/v1.4.2/communique-aarch64-apple-darwin.tar.gz"
signer = "sigstore-oidc:https://github.com/jdx/communique/.github/workflows/release.yml"

[tools.communique."platforms.windows-x64"]
checksum = "sha256:0d7b9a528a60584513460154b50a43d2eaa0b0218089ef5720c020367ea6c958"
url = "https://github.com/jdx/communique/releases/download/v1.4.2/communique-x86_64-pc-windows-msvc.zip"
signer = "sigstore-oidc:https://github.com/jdx/communique/.github/workflows/release.yml"

[[tools."github:bnjbvr/cargo-machete"]]
version = "0.9.2"
backend = "github:bnjbvr/cargo-machete"
specifiers = ["latest"]

[tools."github:bnjbvr/cargo-machete"."platforms.linux-arm64"]
checksum = "sha256:6f96c3e6026a5bdd241b6ae600c6fb86c9197c6e189a894f91371baa01fd10f5"
url = "https://github.com/bnjbvr/cargo-machete/releases/download/v0.9.2/cargo-machete-v0.9.2-aarch64-unknown-linux-gnu.tar.gz"
url_api = "https://api.github.com/repos/bnjbvr/cargo-machete/releases/assets/397130991"

[tools."github:bnjbvr/cargo-machete"."platforms.linux-arm64-musl"]
checksum = "sha256:6f96c3e6026a5bdd241b6ae600c6fb86c9197c6e189a894f91371baa01fd10f5"
url = "https://github.com/bnjbvr/cargo-machete/releases/download/v0.9.2/cargo-machete-v0.9.2-aarch64-unknown-linux-gnu.tar.gz"
url_api = "https://api.github.com/repos/bnjbvr/cargo-machete/releases/assets/397130991"

[tools."github:bnjbvr/cargo-machete"."platforms.linux-x64"]
checksum = "sha256:48200087f54c55aabcd4db4af1e25742b49846c02a1b1bfa134711945b35b2e9"
url = "https://github.com/bnjbvr/cargo-machete/releases/download/v0.9.2/cargo-machete-v0.9.2-x86_64-unknown-linux-musl.tar.gz"
url_api = "https://api.github.com/repos/bnjbvr/cargo-machete/releases/assets/397131172"

[tools."github:bnjbvr/cargo-machete"."platforms.linux-x64-musl"]
checksum = "sha256:48200087f54c55aabcd4db4af1e25742b49846c02a1b1bfa134711945b35b2e9"
url = "https://github.com/bnjbvr/cargo-machete/releases/download/v0.9.2/cargo-machete-v0.9.2-x86_64-unknown-linux-musl.tar.gz"
url_api = "https://api.github.com/repos/bnjbvr/cargo-machete/releases/assets/397131172"

[tools."github:bnjbvr/cargo-machete"."platforms.macos-arm64"]
checksum = "sha256:63e28fee386d82d33f2d12406c857f98e2d4697f3f7df7f71f34dff07fca0fde"
url = "https://github.com/bnjbvr/cargo-machete/releases/download/v0.9.2/cargo-machete-v0.9.2-aarch64-apple-darwin.tar.gz"
url_api = "https://api.github.com/repos/bnjbvr/cargo-machete/releases/assets/397131114"

[tools."github:bnjbvr/cargo-machete"."platforms.macos-x64"]
checksum = "sha256:3e8cb936c9b820f84d047a2b5be8b229b2be67bf2467014885376a6faffdcac3"
url = "https://github.com/bnjbvr/cargo-machete/releases/download/v0.9.2/cargo-machete-v0.9.2-x86_64-apple-darwin.tar.gz"
url_api = "https://api.github.com/repos/bnjbvr/cargo-machete/releases/assets/397131140"

[tools."github:bnjbvr/cargo-machete"."platforms.windows-x64"]
checksum = "sha256:996120ac70afe405c58fce508a476f25bb71032c6fb8013aa0123bba36429c76"
url = "https://github.com/bnjbvr/cargo-machete/releases/download/v0.9.2/cargo-machete-v0.9.2-x86_64-pc-windows-msvc.tar.gz"
url_api = "https://api.github.com/repos/bnjbvr/cargo-machete/releases/assets/397131414"

[[tools.hk]]
version = "2.1.0"
backend = "packslip:github.com/jdx/hk"
specifiers = ["latest"]

[tools.hk."platforms.linux-arm64"]
checksum = "sha256:7ffb155147a8a9dae1b571fb31a5d19a35d0175afb5fe3e5b2c652ebf67feb9f"
url = "https://github.com/jdx/hk/releases/download/v2.1.0/hk-aarch64-unknown-linux-gnu.tar.gz"
signer = "sigstore-oidc:https://github.com/jdx/hk/.github/workflows/release.yml"

[tools.hk."platforms.linux-arm64-musl"]
checksum = "sha256:8417655fd02f8311bcad9efab7594d4b6d7cca1c4d00cd1576f12ad5e40dac06"
url = "https://github.com/jdx/hk/releases/download/v2.1.0/hk-aarch64-unknown-linux-musl.tar.gz"
signer = "sigstore-oidc:https://github.com/jdx/hk/.github/workflows/release.yml"

[tools.hk."platforms.linux-x64"]
checksum = "sha256:7a7b28741d16f777d8be90fbcd8523996ee95c2d5222d5b173652d9b37e31969"
url = "https://github.com/jdx/hk/releases/download/v2.1.0/hk-x86_64-unknown-linux-gnu.tar.gz"
signer = "sigstore-oidc:https://github.com/jdx/hk/.github/workflows/release.yml"

[tools.hk."platforms.linux-x64-musl"]
checksum = "sha256:ab5a8fa2819fe3a1762576ac557b9797e1fe587b41a1f93c50e4dfa9f5b89e76"
url = "https://github.com/jdx/hk/releases/download/v2.1.0/hk-x86_64-unknown-linux-musl.tar.gz"
signer = "sigstore-oidc:https://github.com/jdx/hk/.github/workflows/release.yml"

[tools.hk."platforms.macos-arm64"]
checksum = "sha256:b30c6fb4447b5a9c24f9f80d165dca2d2e682907b8acb8222391e0527fea1ebe"
url = "https://github.com/jdx/hk/releases/download/v2.1.0/hk-aarch64-apple-darwin.tar.gz"
signer = "sigstore-oidc:https://github.com/jdx/hk/.github/workflows/release.yml"

[tools.hk."platforms.windows-x64"]
checksum = "sha256:c0344c09c76f7e25985c4770148130881b19313393d238949e5512ec3691fac3"
url = "https://github.com/jdx/hk/releases/download/v2.1.0/hk-x86_64-pc-windows-msvc.zip"
signer = "sigstore-oidc:https://github.com/jdx/hk/.github/workflows/release.yml"

[[tools.mr-boxington]]
version = "1.19.0"
backend = "packslip:github.com/jdx/mr-boxington"
specifiers = ["latest"]

[tools.mr-boxington."platforms.linux-arm64"]
checksum = "sha256:6f75b5351cc0489b93033611d5fd2cf863b9d70ab53adfcb8d33fefd8e5e870f"
url = "https://github.com/jdx/mr-boxington/releases/download/v1.19.0/mbx-aarch64-unknown-linux-gnu.tar.gz"
signer = "sigstore-oidc:https://github.com/jdx/mr-boxington/.github/workflows/release.yml"

[tools.mr-boxington."platforms.linux-arm64-musl"]
checksum = "sha256:b5574ba12954bf128303ef8b10b6b9daec459fbb26de7d63173b3da32f595828"
url = "https://github.com/jdx/mr-boxington/releases/download/v1.19.0/mbx-aarch64-unknown-linux-musl.tar.gz"
signer = "sigstore-oidc:https://github.com/jdx/mr-boxington/.github/workflows/release.yml"

[tools.mr-boxington."platforms.linux-x64"]
checksum = "sha256:c41238298b30d7c7da53dfe850f06036dd103b65865cc9dc986077eaf3e565d2"
url = "https://github.com/jdx/mr-boxington/releases/download/v1.19.0/mbx-x86_64-unknown-linux-gnu.tar.gz"
signer = "sigstore-oidc:https://github.com/jdx/mr-boxington/.github/workflows/release.yml"

[tools.mr-boxington."platforms.linux-x64-musl"]
checksum = "sha256:6424fb1a4e28f4bea2db06d33b1a0126955c23723eee26b6856db91deb980f01"
url = "https://github.com/jdx/mr-boxington/releases/download/v1.19.0/mbx-x86_64-unknown-linux-musl.tar.gz"
signer = "sigstore-oidc:https://github.com/jdx/mr-boxington/.github/workflows/release.yml"

[tools.mr-boxington."platforms.macos-arm64"]
checksum = "sha256:dbaad252f9a483be80f6d00ad315f4957d8f9b9d19213ca05171b25a8dba6748"
url = "https://github.com/jdx/mr-boxington/releases/download/v1.19.0/mbx-aarch64-apple-darwin.tar.gz"
signer = "sigstore-oidc:https://github.com/jdx/mr-boxington/.github/workflows/release.yml"

[tools.mr-boxington."platforms.windows-x64"]
checksum = "sha256:9d56896b47ab7f509266d4ac99170c27f75b209a52fa6a40420e60efcebc4b14"
url = "https://github.com/jdx/mr-boxington/releases/download/v1.19.0/mbx-x86_64-pc-windows-msvc.zip"
signer = "sigstore-oidc:https://github.com/jdx/mr-boxington/.github/workflows/release.yml"

[[tools.node]]
version = "24.14.0"
backend = "core:node"
specifiers = ["24"]

[tools.node."platforms.linux-arm64"]
checksum = "sha256:f44740cd218de8127f1c44c41510a3a740fa5c9c8d1cdce1c3bedada79f3cde7"
url = "https://nodejs.org/dist/v24.14.0/node-v24.14.0-linux-arm64.tar.gz"

[tools.node."platforms.linux-arm64-musl"]
checksum = "sha256:8f81d47b7f443455709d44eae8669591de2e58b37d3c2cb0aec667b6e6f826c1"
url = "https://unofficial-builds.nodejs.org/download/release/v24.14.0/node-v24.14.0-linux-arm64-musl.tar.gz"

[tools.node."platforms.linux-x64"]
checksum = "sha256:dbf5b8665dec15e59e6359a517fefb47b23fdb9152d8def975b9bca3dfc6d355"
url = "https://nodejs.org/dist/v24.14.0/node-v24.14.0-linux-x64.tar.gz"

[tools.node."platforms.linux-x64-musl"]
checksum = "sha256:bae0f2320448d5c744bcd4878081b483194d8b0f0eaab2b37d7f81df739c5a95"
url = "https://unofficial-builds.nodejs.org/download/release/v24.14.0/node-v24.14.0-linux-x64-musl.tar.gz"

[tools.node."platforms.macos-arm64"]
checksum = "sha256:a1a54f46a750d2523d628d924aab61758a51c9dad3e0238beb14141be9615dd3"
url = "https://nodejs.org/dist/v24.14.0/node-v24.14.0-darwin-arm64.tar.gz"

[tools.node."platforms.macos-x64"]
checksum = "sha256:f2879eb810e25993a0578e5d878930266fd2eafcffe9f2839b3d8db354d4879e"
url = "https://nodejs.org/dist/v24.14.0/node-v24.14.0-darwin-x64.tar.gz"

[tools.node."platforms.windows-x64"]
checksum = "sha256:313fa40c0d7b18575821de8cb17483031fe07d95de5994f6f435f3b345f85c66"
url = "https://nodejs.org/dist/v24.14.0/node-v24.14.0-win-x64.zip"

[[tools.pitchfork]]
version = "2.27.0"
backend = "packslip:github.com/jdx/pitchfork"
specifiers = ["latest"]

[tools.pitchfork."platforms.linux-arm64"]
checksum = "sha256:14f7a5e758407e8306234cabb2dd3768670453d9078bcdec6cc4089dfd72d8ed"
url = "https://github.com/jdx/pitchfork/releases/download/v2.27.0/pitchfork-aarch64-unknown-linux-gnu.tar.gz"
signer = "sigstore-oidc:https://github.com/jdx/pitchfork/.github/workflows/release.yml"

[tools.pitchfork."platforms.linux-x64"]
checksum = "sha256:20d7f851e3baec00fd97d53b2f95a986287b959957f56195c6f7f8d504bbea6e"
url = "https://github.com/jdx/pitchfork/releases/download/v2.27.0/pitchfork-x86_64-unknown-linux-gnu.tar.gz"
signer = "sigstore-oidc:https://github.com/jdx/pitchfork/.github/workflows/release.yml"

[tools.pitchfork."platforms.macos-arm64"]
checksum = "sha256:77491f4d803039ae4cf346c292db62b9b5aad971cc0850413917ef92cf335901"
url = "https://github.com/jdx/pitchfork/releases/download/v2.27.0/pitchfork-aarch64-apple-darwin.tar.gz"
signer = "sigstore-oidc:https://github.com/jdx/pitchfork/.github/workflows/release.yml"

[tools.pitchfork."platforms.windows-x64"]
checksum = "sha256:ae9e0d7d52c9c85689b7a2c5f0d96c8ef89ed0dfb6da310832375e8e5cfd67ce"
url = "https://github.com/jdx/pitchfork/releases/download/v2.27.0/pitchfork-x86_64-pc-windows-msvc.zip"
signer = "sigstore-oidc:https://github.com/jdx/pitchfork/.github/workflows/release.yml"

[[tools.pkl]]
version = "0.31.1"
backend = "aqua:apple/pkl"
specifiers = ["latest"]

[tools.pkl."platforms.linux-arm64"]
checksum = "sha256:7ef10e743daa921fb94ae7bdb9ec6986f362bf250c55814b9ea2aeb13f2d083e"
url = "https://github.com/apple/pkl/releases/download/0.31.1/pkl-linux-aarch64"
url_api = "https://api.github.com/repos/apple/pkl/releases/assets/382243722"

[tools.pkl."platforms.linux-arm64-musl"]
checksum = "sha256:7ef10e743daa921fb94ae7bdb9ec6986f362bf250c55814b9ea2aeb13f2d083e"
url = "https://github.com/apple/pkl/releases/download/0.31.1/pkl-linux-aarch64"
url_api = "https://api.github.com/repos/apple/pkl/releases/assets/382243722"

[tools.pkl."platforms.linux-x64"]
checksum = "sha256:618f13955d755cafbfe8c9cba1d27635848cd49dbc6abffd398d2751db1231bf"
url = "https://github.com/apple/pkl/releases/download/0.31.1/pkl-linux-amd64"
url_api = "https://api.github.com/repos/apple/pkl/releases/assets/382243718"

[tools.pkl."platforms.linux-x64-musl"]
checksum = "sha256:618f13955d755cafbfe8c9cba1d27635848cd49dbc6abffd398d2751db1231bf"
url = "https://github.com/apple/pkl/releases/download/0.31.1/pkl-linux-amd64"
url_api = "https://api.github.com/repos/apple/pkl/releases/assets/382243718"

[tools.pkl."platforms.macos-arm64"]
checksum = "sha256:1b6a5438d9624cd2798a7530721bbbfa27ef72efe5c878a1b6c546c6e7ca0e8f"
url = "https://github.com/apple/pkl/releases/download/0.31.1/pkl-macos-aarch64"
url_api = "https://api.github.com/repos/apple/pkl/releases/assets/382243720"

[tools.pkl."platforms.macos-x64"]
checksum = "sha256:22123ed4ae4c03afa8c54c69f77f0bec39b0fa0f67b09d6d148e0a376a2a471d"
url = "https://github.com/apple/pkl/releases/download/0.31.1/pkl-macos-amd64"
url_api = "https://api.github.com/repos/apple/pkl/releases/assets/382243726"

[tools.pkl."platforms.windows-x64"]
checksum = "sha256:a8834481667325b44c539dbb758d7365a16389070f343c04b639bbe525ede013"
url = "https://github.com/apple/pkl/releases/download/0.31.1/pkl-windows-amd64.exe"
url_api = "https://api.github.com/repos/apple/pkl/releases/assets/382243744"

[[tools.rush]]
version = "0.9.0"
backend = "aqua:shenwei356/rush"
specifiers = ["latest"]

[tools.rush."platforms.linux-arm64"]
checksum = "sha256:e8cf6a45eab9e67b952650ea90eb87f457ac1a95a2d7e338eea88a4da488da7b"
url = "https://github.com/shenwei356/rush/releases/download/v0.9.0/rush_linux_arm64.tar.gz"
url_api = "https://api.github.com/repos/shenwei356/rush/releases/assets/391416978"

[tools.rush."platforms.linux-arm64-musl"]
checksum = "sha256:e8cf6a45eab9e67b952650ea90eb87f457ac1a95a2d7e338eea88a4da488da7b"
url = "https://github.com/shenwei356/rush/releases/download/v0.9.0/rush_linux_arm64.tar.gz"
url_api = "https://api.github.com/repos/shenwei356/rush/releases/assets/391416978"

[tools.rush."platforms.linux-x64"]
checksum = "sha256:436d935bcd0dc263d20674201cd3e9c85059d331d8641f970e1e8958ad0af4fc"
url = "https://github.com/shenwei356/rush/releases/download/v0.9.0/rush_linux_amd64.tar.gz"
url_api = "https://api.github.com/repos/shenwei356/rush/releases/assets/391416899"

[tools.rush."platforms.linux-x64-musl"]
checksum = "sha256:436d935bcd0dc263d20674201cd3e9c85059d331d8641f970e1e8958ad0af4fc"
url = "https://github.com/shenwei356/rush/releases/download/v0.9.0/rush_linux_amd64.tar.gz"
url_api = "https://api.github.com/repos/shenwei356/rush/releases/assets/391416899"

[tools.rush."platforms.macos-arm64"]
checksum = "sha256:f5cd118ee7a04c70849c891e172ed1d3fb85fc5c14a7dacddb1d5c210b0f0613"
url = "https://github.com/shenwei356/rush/releases/download/v0.9.0/rush_darwin_arm64.tar.gz"
url_api = "https://api.github.com/repos/shenwei356/rush/releases/assets/391416669"

[tools.rush."platforms.macos-x64"]
checksum = "sha256:85c43308b935bef7f09922c98dc9f1d304843457c8c0daa06a1a22ae16393f9e"
url = "https://github.com/shenwei356/rush/releases/download/v0.9.0/rush_darwin_amd64.tar.gz"
url_api = "https://api.github.com/repos/shenwei356/rush/releases/assets/391416568"

[tools.rush."platforms.windows-x64"]
checksum = "sha256:4ed40a085fa19ccdb02af418d639f9ef3dba11289454695aef7609a6431ef07e"
url = "https://github.com/shenwei356/rush/releases/download/v0.9.0/rush_windows_amd64.exe.tar.gz"
url_api = "https://api.github.com/repos/shenwei356/rush/releases/assets/391417091"

[[tools.shellcheck]]
version = "0.11.0"
backend = "aqua:koalaman/shellcheck"
specifiers = ["latest"]

[tools.shellcheck."platforms.linux-arm64"]
checksum = "sha256:12b331c1d2db6b9eb13cfca64306b1b157a86eb69db83023e261eaa7e7c14588"
url = "https://github.com/koalaman/shellcheck/releases/download/v0.11.0/shellcheck-v0.11.0.linux.aarch64.tar.xz"
url_api = "https://api.github.com/repos/koalaman/shellcheck/releases/assets/279056934"

[tools.shellcheck."platforms.linux-arm64-musl"]
checksum = "sha256:12b331c1d2db6b9eb13cfca64306b1b157a86eb69db83023e261eaa7e7c14588"
url = "https://github.com/koalaman/shellcheck/releases/download/v0.11.0/shellcheck-v0.11.0.linux.aarch64.tar.xz"
url_api = "https://api.github.com/repos/koalaman/shellcheck/releases/assets/279056934"

[tools.shellcheck."platforms.linux-x64"]
checksum = "sha256:8c3be12b05d5c177a04c29e3c78ce89ac86f1595681cab149b65b97c4e227198"
url = "https://github.com/koalaman/shellcheck/releases/download/v0.11.0/shellcheck-v0.11.0.linux.x86_64.tar.xz"
url_api = "https://api.github.com/repos/koalaman/shellcheck/releases/assets/279056942"

[tools.shellcheck."platforms.linux-x64-musl"]
checksum = "sha256:8c3be12b05d5c177a04c29e3c78ce89ac86f1595681cab149b65b97c4e227198"
url = "https://github.com/koalaman/shellcheck/releases/download/v0.11.0/shellcheck-v0.11.0.linux.x86_64.tar.xz"
url_api = "https://api.github.com/repos/koalaman/shellcheck/releases/assets/279056942"

[tools.shellcheck."platforms.macos-arm64"]
checksum = "sha256:56affdd8de5527894dca6dc3d7e0a99a873b0f004d7aabc30ae407d3f48b0a79"
url = "https://github.com/koalaman/shellcheck/releases/download/v0.11.0/shellcheck-v0.11.0.darwin.aarch64.tar.xz"
url_api = "https://api.github.com/repos/koalaman/shellcheck/releases/assets/279056932"

[tools.shellcheck."platforms.macos-x64"]
checksum = "sha256:3c89db4edcab7cf1c27bff178882e0f6f27f7afdf54e859fa041fca10febe4c6"
url = "https://github.com/koalaman/shellcheck/releases/download/v0.11.0/shellcheck-v0.11.0.darwin.x86_64.tar.xz"
url_api = "https://api.github.com/repos/koalaman/shellcheck/releases/assets/279056930"

[tools.shellcheck."platforms.windows-x64"]
checksum = "sha256:8a4e35ab0b331c85d73567b12f2a444df187f483e5079ceffa6bda1faa2e740e"
url = "https://github.com/koalaman/shellcheck/releases/download/v0.11.0/shellcheck-v0.11.0.zip"
url_api = "https://api.github.com/repos/koalaman/shellcheck/releases/assets/279056944"

[[tools.shfmt]]
version = "3.13.1"
backend = "aqua:mvdan/sh"
specifiers = ["latest"]

[tools.shfmt."platforms.linux-arm64"]
checksum = "sha256:32d92acaa5cd8abb29fc49dac123dc412442d5713967819d8af2c29f1b3857c7"
url = "https://github.com/mvdan/sh/releases/download/v3.13.1/shfmt_v3.13.1_linux_arm64"
url_api = "https://api.github.com/repos/mvdan/sh/releases/assets/390322859"

[tools.shfmt."platforms.linux-arm64-musl"]
checksum = "sha256:32d92acaa5cd8abb29fc49dac123dc412442d5713967819d8af2c29f1b3857c7"
url = "https://github.com/mvdan/sh/releases/download/v3.13.1/shfmt_v3.13.1_linux_arm64"
url_api = "https://api.github.com/repos/mvdan/sh/releases/assets/390322859"

[tools.shfmt."platforms.linux-x64"]
checksum = "sha256:fb096c5d1ac6beabbdbaa2874d025badb03ee07929f0c9ff67563ce8c75398b1"
url = "https://github.com/mvdan/sh/releases/download/v3.13.1/shfmt_v3.13.1_linux_amd64"
url_api = "https://api.github.com/repos/mvdan/sh/releases/assets/390322866"

[tools.shfmt."platforms.linux-x64-musl"]
checksum = "sha256:fb096c5d1ac6beabbdbaa2874d025badb03ee07929f0c9ff67563ce8c75398b1"
url = "https://github.com/mvdan/sh/releases/download/v3.13.1/shfmt_v3.13.1_linux_amd64"
url_api = "https://api.github.com/repos/mvdan/sh/releases/assets/390322866"

[tools.shfmt."platforms.macos-arm64"]
checksum = "sha256:9680526be4a66ea1ffe988ed08af58e1400fe1e4f4aef5bd88b20bb9b3da33f8"
url = "https://github.com/mvdan/sh/releases/download/v3.13.1/shfmt_v3.13.1_darwin_arm64"
url_api = "https://api.github.com/repos/mvdan/sh/releases/assets/390322881"

[tools.shfmt."platforms.macos-x64"]
checksum = "sha256:6feedafc72915794163114f512348e2437d080d0047ef8b8fa2ec63b575f12af"
url = "https://github.com/mvdan/sh/releases/download/v3.13.1/shfmt_v3.13.1_darwin_amd64"
url_api = "https://api.github.com/repos/mvdan/sh/releases/assets/390322886"

[tools.shfmt."platforms.windows-x64"]
checksum = "sha256:60cd368533d0ad73fa86d93d5bbf95ef40587245ce684ed138c1b31557b5fe97"
url = "https://github.com/mvdan/sh/releases/download/v3.13.1/shfmt_v3.13.1_windows_amd64.exe"
url_api = "https://api.github.com/repos/mvdan/sh/releases/assets/390322844"

[[tools.tak]]
version = "0.0.13"
backend = "github:jdx/tak"
specifiers = ["latest"]

[tools.tak."platforms.linux-arm64"]
checksum = "sha256:514c890ad2f34d5fbfa7e9327537a3d96a20ba863c9e45e74e210de13fa4b2aa"
url = "https://github.com/jdx/tak/releases/download/v0.0.13/tak-aarch64-unknown-linux-gnu.tar.gz"
url_api = "https://api.github.com/repos/jdx/tak/releases/assets/586862992"
provenance = "github-attestations"

[tools.tak."platforms.linux-arm64-musl"]
checksum = "sha256:9cef94c166572cf501f6b92e729892c34727f1b24d94007a6e0eb1f3f685fbe2"
url = "https://github.com/jdx/tak/releases/download/v0.0.13/tak-aarch64-unknown-linux-musl.tar.gz"
url_api = "https://api.github.com/repos/jdx/tak/releases/assets/586862988"
provenance = "github-attestations"

[tools.tak."platforms.linux-x64"]
checksum = "sha256:98c156f4ded5b1be51b756efc50d33e90b1f22186754e7e96dfabca1e478e26a"
url = "https://github.com/jdx/tak/releases/download/v0.0.13/tak-x86_64-unknown-linux-gnu.tar.gz"
url_api = "https://api.github.com/repos/jdx/tak/releases/assets/586863028"
provenance = "github-attestations"

[tools.tak."platforms.linux-x64-musl"]
checksum = "sha256:516c32450243cc443fbf8059d91a5972abe6188d3fa1ca930bcf68241e7f3881"
url = "https://github.com/jdx/tak/releases/download/v0.0.13/tak-x86_64-unknown-linux-musl.tar.gz"
url_api = "https://api.github.com/repos/jdx/tak/releases/assets/586863029"
provenance = "github-attestations"

[tools.tak."platforms.macos-arm64"]
checksum = "sha256:8e4669ee3e122fefe465dfbf550a42fd7d92baa7d9f487d646162832efe1af3e"
url = "https://github.com/jdx/tak/releases/download/v0.0.13/tak-aarch64-apple-darwin.tar.gz"
url_api = "https://api.github.com/repos/jdx/tak/releases/assets/586862991"
provenance = "github-attestations"

[tools.tak."platforms.windows-x64"]
checksum = "sha256:9686180b604bf0507aceb860d357779ad3be462399b2eb4ee08d65d596a5c3af"
url = "https://github.com/jdx/tak/releases/download/v0.0.13/tak-x86_64-pc-windows-msvc.zip"
url_api = "https://api.github.com/repos/jdx/tak/releases/assets/586863027"
provenance = "github-attestations"

[[tools.usage]]
version = "6.11.1"
backend = "packslip:github.com/jdx/usage"
specifiers = ["latest"]

[tools.usage."platforms.linux-arm64"]
checksum = "sha256:90622145566409da24d282190ad17cc786c85d498d751543824ab62931705018"
url = "https://github.com/jdx/usage/releases/download/v6.11.1/usage-aarch64-unknown-linux-gnu.tar.gz"
signer = "sigstore-oidc:https://github.com/jdx/usage/.github/workflows/publish-cli.yml"

[tools.usage."platforms.linux-arm64-musl"]
checksum = "sha256:b8903edb0accb76576a9a454900388d629dff9a35186e653c4e5b48e622e62c0"
url = "https://github.com/jdx/usage/releases/download/v6.11.1/usage-aarch64-unknown-linux-musl.tar.gz"
signer = "sigstore-oidc:https://github.com/jdx/usage/.github/workflows/publish-cli.yml"

[tools.usage."platforms.linux-x64"]
checksum = "sha256:afa6cb0e76f88cc6392aeecf21bbcd869747d4eeb60ab84c98d6e6178edc359a"
url = "https://github.com/jdx/usage/releases/download/v6.11.1/usage-x86_64-unknown-linux-gnu.tar.gz"
signer = "sigstore-oidc:https://github.com/jdx/usage/.github/workflows/publish-cli.yml"

[tools.usage."platforms.linux-x64-musl"]
checksum = "sha256:7b37d1d36b310857908e508802db6c6b670555cf25cd0b990f09ee40cb11247b"
url = "https://github.com/jdx/usage/releases/download/v6.11.1/usage-x86_64-unknown-linux-musl.tar.gz"
signer = "sigstore-oidc:https://github.com/jdx/usage/.github/workflows/publish-cli.yml"

[tools.usage."platforms.macos-arm64"]
checksum = "sha256:e3a20b948f2665862dcbaddfc50d62ac741654e3cdd815130a6fae00b3d088ff"
url = "https://github.com/jdx/usage/releases/download/v6.11.1/usage-universal-apple-darwin.tar.gz"
signer = "sigstore-oidc:https://github.com/jdx/usage/.github/workflows/publish-cli.yml"

[tools.usage."platforms.macos-x64"]
checksum = "sha256:e3a20b948f2665862dcbaddfc50d62ac741654e3cdd815130a6fae00b3d088ff"
url = "https://github.com/jdx/usage/releases/download/v6.11.1/usage-universal-apple-darwin.tar.gz"
signer = "sigstore-oidc:https://github.com/jdx/usage/.github/workflows/publish-cli.yml"

[tools.usage."platforms.windows-x64"]
checksum = "sha256:783ce7539b1145f1860054352067e5da70bfac1ceeba3c9f3cb912477068f99d"
url = "https://github.com/jdx/usage/releases/download/v6.11.1/usage-x86_64-pc-windows-msvc.zip"
signer = "sigstore-oidc:https://github.com/jdx/usage/.github/workflows/publish-cli.yml"
